
Microsoft Visual Studio Solution File, Format Version 12.00
# Visual Studio 15
VisualStudioVersion = 15.0.28307.1525
MinimumVisualStudioVersion = 10.0.40219.1
Project("{FAE04EC0-301F-11D3-BF4B-00C04F79EFBC}") = "AdafruitIO", "AdafruitIO\AdafruitIO.csproj", "{0000F889-8576-4C88-B968-3609ED36E768}"
EndProject
Global
	GlobalSection(SolutionConfigurationPlatforms) = preSolution
		Debug|Any CPU = Debug|Any CPU
		Release|Any CPU = Release|Any CPU
	EndGlobalSection
	GlobalSection(ProjectConfigurationPlatforms) = postSolution
		{0000F889-8576-4C88-B968-3609ED36E768}.Debug|Any CPU.ActiveCfg = Debug|Any CPU
		{0000F889-8576-4C88-B968-3609ED36E768}.Debug|Any CPU.Build.0 = Debug|Any CPU
		{0000F889-8576-4C88-B968-3609ED36E768}.Release|Any CPU.ActiveCfg = Release|Any CPU
		{0000F889-8576-4C88-B968-3609ED36E768}.Release|Any CPU.Build.0 = Release|Any CPU
	EndGlobalSection
	GlobalSection(SolutionProperties) = preSolution
		HideSolutionNode = FALSE
	EndGlobalSection
	GlobalSection(ExtensibilityGlobals) = postSolution
		SolutionGuid = {0DBDAB0A-0685-4E68-917A-A4FEF31F1BAD}
	EndGlobalSection
EndGlobal
