
Microsoft Visual Studio Solution File, Format Version 12.00
# Visual Studio 15
VisualStudioVersion = 15.0.28307.1525
MinimumVisualStudioVersion = 10.0.40219.1
Project("{FAE04EC0-301F-11D3-BF4B-00C04F79EFBC}") = "Adafruit_IO_CS", "Adafruit_IO_CS\Adafruit_IO_CS.csproj", "{C6625D23-0A9E-420F-963A-9746B64B7EA2}"
EndProject
Global
	GlobalSection(SolutionConfigurationPlatforms) = preSolution
		Debug|Any CPU = Debug|Any CPU
		Release|Any CPU = Release|Any CPU
	EndGlobalSection
	GlobalSection(ProjectConfigurationPlatforms) = postSolution
		{C6625D23-0A9E-420F-963A-9746B64B7EA2}.Debug|Any CPU.ActiveCfg = Debug|Any CPU
		{C6625D23-0A9E-420F-963A-9746B64B7EA2}.Debug|Any CPU.Build.0 = Debug|Any CPU
		{C6625D23-0A9E-420F-963A-9746B64B7EA2}.Release|Any CPU.ActiveCfg = Release|Any CPU
		{C6625D23-0A9E-420F-963A-9746B64B7EA2}.Release|Any CPU.Build.0 = Release|Any CPU
	EndGlobalSection
	GlobalSection(SolutionProperties) = preSolution
		HideSolutionNode = FALSE
	EndGlobalSection
	GlobalSection(ExtensibilityGlobals) = postSolution
		SolutionGuid = {3FA4F030-34AF-4A42-98C4-22A9CA7F9D71}
	EndGlobalSection
EndGlobal
